PODS:
  - iPadSplitScreenKit (1.1.7):
    - iPadSplitScreenKit/Swift (= 1.1.7)
  - iPadSplitScreenKit/ObjC (1.1.7)
  - iPadSplitScreenKit/Swift (1.1.7)

DEPENDENCIES:
  - iPadSplitScreenKit (from `./`)
  - iPadSplitScreenKit/ObjC (from `./`)

EXTERNAL SOURCES:
  iPadSplitScreenKit:
    :path: "./"

SPEC CHECKSUMS:
  iPadSplitScreenKit: 397c95b8c833f028a7590bff7c984152ea33a741

PODFILE CHECKSUM: 012f885d64939d70482905da444cb5fb7a3c859d

COCOAPODS: 1.10.0
