PODS:
  - iPadSplitScreenKit (1.1.3):
    - iPadSplitScreenKit/Swift (= 1.1.3)
  - iPadSplitScreenKit/ObjC (1.1.3)
  - iPadSplitScreenKit/Swift (1.1.3)

DEPENDENCIES:
  - iPadSplitScreenKit (from `./`)
  - iPadSplitScreenKit/ObjC (from `./`)

EXTERNAL SOURCES:
  iPadSplitScreenKit:
    :path: "./"

SPEC CHECKSUMS:
  iPadSplitScreenKit: b4f148671878191a352e6954ab93ad0662c3d6bc

PODFILE CHECKSUM: 4299f035224cff562b9a12578265e8bc4dbaad9a

COCOAPODS: 1.9.3
